
Microsoft Visual Studio Solution File, Format Version 12.00
# Visual Studio Version 17
VisualStudioVersion = 17.7.34024.191
MinimumVisualStudioVersion = 10.0.40219.1
Project("{F2A71F9B-5D33-465A-A702-920D77279786}") = "label_TBI_fields", "label_TBI_fields.fsproj", "{0977EC22-5C53-4576-B821-4D1F405E846A}"
EndProject
Global
	GlobalSection(SolutionConfigurationPlatforms) = preSolution
		Debug|Any CPU = Debug|Any CPU
		Release|Any CPU = Release|Any CPU
	EndGlobalSection
	GlobalSection(ProjectConfigurationPlatforms) = postSolution
		{0977EC22-5C53-4576-B821-4D1F405E846A}.Debug|Any CPU.ActiveCfg = Debug|Any CPU
		{0977EC22-5C53-4576-B821-4D1F405E846A}.Debug|Any CPU.Build.0 = Debug|Any CPU
		{0977EC22-5C53-4576-B821-4D1F405E846A}.Release|Any CPU.ActiveCfg = Release|Any CPU
		{0977EC22-5C53-4576-B821-4D1F405E846A}.Release|Any CPU.Build.0 = Release|Any CPU
	EndGlobalSection
	GlobalSection(SolutionProperties) = preSolution
		HideSolutionNode = FALSE
	EndGlobalSection
	GlobalSection(ExtensibilityGlobals) = postSolution
		SolutionGuid = {AEE9E792-EAD8-4B9B-9D7B-6EE706B35CDF}
	EndGlobalSection
EndGlobal
