
Microsoft Visual Studio Solution File, Format Version 12.00
# Visual Studio Version 17
VisualStudioVersion = 17.9.34714.143
MinimumVisualStudioVersion = 10.0.40219.1
Project("{6EC3EE1D-3C4E-46DD-8F32-0CC8E7565705}") = "calculate_IMAGER_positions", "calculate_IMAGER_positions.fsproj", "{2A4D768C-4561-4F5E-882E-0CF03455D143}"
EndProject
Global
	GlobalSection(SolutionConfigurationPlatforms) = preSolution
		Debug|Any CPU = Debug|Any CPU
		Release|Any CPU = Release|Any CPU
	EndGlobalSection
	GlobalSection(ProjectConfigurationPlatforms) = postSolution
		{2A4D768C-4561-4F5E-882E-0CF03455D143}.Debug|Any CPU.ActiveCfg = Debug|Any CPU
		{2A4D768C-4561-4F5E-882E-0CF03455D143}.Debug|Any CPU.Build.0 = Debug|Any CPU
		{2A4D768C-4561-4F5E-882E-0CF03455D143}.Release|Any CPU.ActiveCfg = Release|Any CPU
		{2A4D768C-4561-4F5E-882E-0CF03455D143}.Release|Any CPU.Build.0 = Release|Any CPU
	EndGlobalSection
	GlobalSection(SolutionProperties) = preSolution
		HideSolutionNode = FALSE
	EndGlobalSection
	GlobalSection(ExtensibilityGlobals) = postSolution
		SolutionGuid = {0C0807E9-E64F-4916-B186-94D3DA1BB3AF}
	EndGlobalSection
EndGlobal
