
Microsoft Visual Studio Solution File, Format Version 12.00
# Visual Studio Version 17
VisualStudioVersion = 17.9.34714.143
MinimumVisualStudioVersion = 10.0.40219.1
Project("{F2A71F9B-5D33-465A-A702-920D77279786}") = "list_HIGH_RESOLUTION_structures", "list_HIGH_RESOLUTION_structures.fsproj", "{223C969B-A1C7-4FE6-8317-F54E0E3B825E}"
EndProject
Global
	GlobalSection(SolutionConfigurationPlatforms) = preSolution
		Debug|Any CPU = Debug|Any CPU
		Release|Any CPU = Release|Any CPU
	EndGlobalSection
	GlobalSection(ProjectConfigurationPlatforms) = postSolution
		{223C969B-A1C7-4FE6-8317-F54E0E3B825E}.Debug|Any CPU.ActiveCfg = Debug|Any CPU
		{223C969B-A1C7-4FE6-8317-F54E0E3B825E}.Debug|Any CPU.Build.0 = Debug|Any CPU
		{223C969B-A1C7-4FE6-8317-F54E0E3B825E}.Release|Any CPU.ActiveCfg = Release|Any CPU
		{223C969B-A1C7-4FE6-8317-F54E0E3B825E}.Release|Any CPU.Build.0 = Release|Any CPU
	EndGlobalSection
	GlobalSection(SolutionProperties) = preSolution
		HideSolutionNode = FALSE
	EndGlobalSection
	GlobalSection(ExtensibilityGlobals) = postSolution
		SolutionGuid = {DDFCA42E-6EC8-4027-A751-31A265D96427}
	EndGlobalSection
EndGlobal
