
Microsoft Visual Studio Solution File, Format Version 12.00
# Visual Studio Version 17
VisualStudioVersion = 17.9.34714.143
MinimumVisualStudioVersion = 10.0.40219.1
Project("{6EC3EE1D-3C4E-46DD-8F32-0CC8E7565705}") = "onboard_AI_structures", "onboard_AI_structures.fsproj", "{1FF319D5-CC1A-450B-A1AE-E0916C8B38AB}"
EndProject
Project("{6EC3EE1D-3C4E-46DD-8F32-0CC8E7565705}") = "ConsoleFor_onboard_AI_structures", "ConsoleFor_onboard_AI_structures\ConsoleFor_onboard_AI_structures.fsproj", "{39BDA86B-8F4D-4049-86D8-9CD1066BEAC8}"
EndProject
Global
	GlobalSection(SolutionConfigurationPlatforms) = preSolution
		Debug|Any CPU = Debug|Any CPU
		Release|Any CPU = Release|Any CPU
	EndGlobalSection
	GlobalSection(ProjectConfigurationPlatforms) = postSolution
		{1FF319D5-CC1A-450B-A1AE-E0916C8B38AB}.Debug|Any CPU.ActiveCfg = Debug|Any CPU
		{1FF319D5-CC1A-450B-A1AE-E0916C8B38AB}.Debug|Any CPU.Build.0 = Debug|Any CPU
		{1FF319D5-CC1A-450B-A1AE-E0916C8B38AB}.Release|Any CPU.ActiveCfg = Release|Any CPU
		{1FF319D5-CC1A-450B-A1AE-E0916C8B38AB}.Release|Any CPU.Build.0 = Release|Any CPU
		{39BDA86B-8F4D-4049-86D8-9CD1066BEAC8}.Debug|Any CPU.ActiveCfg = Debug|Any CPU
		{39BDA86B-8F4D-4049-86D8-9CD1066BEAC8}.Debug|Any CPU.Build.0 = Debug|Any CPU
		{39BDA86B-8F4D-4049-86D8-9CD1066BEAC8}.Release|Any CPU.ActiveCfg = Release|Any CPU
		{39BDA86B-8F4D-4049-86D8-9CD1066BEAC8}.Release|Any CPU.Build.0 = Release|Any CPU
	EndGlobalSection
	GlobalSection(SolutionProperties) = preSolution
		HideSolutionNode = FALSE
	EndGlobalSection
	GlobalSection(ExtensibilityGlobals) = postSolution
		SolutionGuid = {A559327F-6B0A-42F1-9948-2C9C83FBB151}
	EndGlobalSection
EndGlobal
