
Microsoft Visual Studio Solution File, Format Version 12.00
# Visual Studio Version 17
VisualStudioVersion = 17.11.35208.52
MinimumVisualStudioVersion = 10.0.40219.1
Project("{F2A71F9B-5D33-465A-A702-920D77279786}") = "FsConsoleApplication01", "FsConsoleApplication01.fsproj", "{F217B959-4346-44BE-A8C2-414D403B2801}"
EndProject
Global
	GlobalSection(SolutionConfigurationPlatforms) = preSolution
		Debug|Any CPU = Debug|Any CPU
		Release|Any CPU = Release|Any CPU
	EndGlobalSection
	GlobalSection(ProjectConfigurationPlatforms) = postSolution
		{F217B959-4346-44BE-A8C2-414D403B2801}.Debug|Any CPU.ActiveCfg = Debug|Any CPU
		{F217B959-4346-44BE-A8C2-414D403B2801}.Debug|Any CPU.Build.0 = Debug|Any CPU
		{F217B959-4346-44BE-A8C2-414D403B2801}.Release|Any CPU.ActiveCfg = Release|Any CPU
		{F217B959-4346-44BE-A8C2-414D403B2801}.Release|Any CPU.Build.0 = Release|Any CPU
	EndGlobalSection
	GlobalSection(SolutionProperties) = preSolution
		HideSolutionNode = FALSE
	EndGlobalSection
	GlobalSection(ExtensibilityGlobals) = postSolution
		SolutionGuid = {C0303C7D-B27E-488B-8BCC-882CA71C4DC7}
	EndGlobalSection
EndGlobal
